
Microsoft Visual Studio Solution File, Format Version 12.00
# Visual Studio Version 16
VisualStudioVersion = 16.0.31624.102
MinimumVisualStudioVersion = 10.0.40219.1
Project("{FAE04EC0-301F-11D3-BF4B-00C04F79EFBC}") = "LoopsAndRandomNumbers", "LoopsAndRandomNumbers\LoopsAndRandomNumbers.csproj", "{EB6BA033-2211-49B8-A24E-1C1760F7E145}"
EndProject
Project("{FAE04EC0-301F-11D3-BF4B-00C04F79EFBC}") = "PINInfiniteLoop", "PINInfiniteLoop\PINInfiniteLoop.csproj", "{1E0659B8-1482-4BF1-BA11-FCC52192BE87}"
EndProject
Project("{FAE04EC0-301F-11D3-BF4B-00C04F79EFBC}") = "RandomNumber", "RandomNumber\RandomNumber.csproj", "{BDDD3DF7-6A6F-4CBA-A114-82C72E8AE482}"
EndProject
Project("{FAE04EC0-301F-11D3-BF4B-00C04F79EFBC}") = "GuessingGameInfinite", "GuessingGameInfinite\GuessingGameInfinite.csproj", "{831CA852-BA2D-4D72-B2C6-ECF33F6F710A}"
EndProject
Project("{FAE04EC0-301F-11D3-BF4B-00C04F79EFBC}") = "GuessingGameThreeTries", "GuessingGameThreeTries\GuessingGameThreeTries.csproj", "{159906EC-2D28-4859-AA97-BDFD9375DBA1}"
EndProject
Global
	GlobalSection(SolutionConfigurationPlatforms) = preSolution
		Debug|Any CPU = Debug|Any CPU
		Release|Any CPU = Release|Any CPU
	EndGlobalSection
	GlobalSection(ProjectConfigurationPlatforms) = postSolution
		{EB6BA033-2211-49B8-A24E-1C1760F7E145}.Debug|Any CPU.ActiveCfg = Debug|Any CPU
		{EB6BA033-2211-49B8-A24E-1C1760F7E145}.Debug|Any CPU.Build.0 = Debug|Any CPU
		{EB6BA033-2211-49B8-A24E-1C1760F7E145}.Release|Any CPU.ActiveCfg = Release|Any CPU
		{EB6BA033-2211-49B8-A24E-1C1760F7E145}.Release|Any CPU.Build.0 = Release|Any CPU
		{1E0659B8-1482-4BF1-BA11-FCC52192BE87}.Debug|Any CPU.ActiveCfg = Debug|Any CPU
		{1E0659B8-1482-4BF1-BA11-FCC52192BE87}.Debug|Any CPU.Build.0 = Debug|Any CPU
		{1E0659B8-1482-4BF1-BA11-FCC52192BE87}.Release|Any CPU.ActiveCfg = Release|Any CPU
		{1E0659B8-1482-4BF1-BA11-FCC52192BE87}.Release|Any CPU.Build.0 = Release|Any CPU
		{BDDD3DF7-6A6F-4CBA-A114-82C72E8AE482}.Debug|Any CPU.ActiveCfg = Debug|Any CPU
		{BDDD3DF7-6A6F-4CBA-A114-82C72E8AE482}.Debug|Any CPU.Build.0 = Debug|Any CPU
		{BDDD3DF7-6A6F-4CBA-A114-82C72E8AE482}.Release|Any CPU.ActiveCfg = Release|Any CPU
		{BDDD3DF7-6A6F-4CBA-A114-82C72E8AE482}.Release|Any CPU.Build.0 = Release|Any CPU
		{831CA852-BA2D-4D72-B2C6-ECF33F6F710A}.Debug|Any CPU.ActiveCfg = Debug|Any CPU
		{831CA852-BA2D-4D72-B2C6-ECF33F6F710A}.Debug|Any CPU.Build.0 = Debug|Any CPU
		{831CA852-BA2D-4D72-B2C6-ECF33F6F710A}.Release|Any CPU.ActiveCfg = Release|Any CPU
		{831CA852-BA2D-4D72-B2C6-ECF33F6F710A}.Release|Any CPU.Build.0 = Release|Any CPU
		{159906EC-2D28-4859-AA97-BDFD9375DBA1}.Debug|Any CPU.ActiveCfg = Debug|Any CPU
		{159906EC-2D28-4859-AA97-BDFD9375DBA1}.Debug|Any CPU.Build.0 = Debug|Any CPU
		{159906EC-2D28-4859-AA97-BDFD9375DBA1}.Release|Any CPU.ActiveCfg = Release|Any CPU
		{159906EC-2D28-4859-AA97-BDFD9375DBA1}.Release|Any CPU.Build.0 = Release|Any CPU
	EndGlobalSection
	GlobalSection(SolutionProperties) = preSolution
		HideSolutionNode = FALSE
	EndGlobalSection
	GlobalSection(ExtensibilityGlobals) = postSolution
		SolutionGuid = {56D12D31-A9E5-48AA-9075-3DB168FEEF54}
	EndGlobalSection
EndGlobal
